// !$*UTF8*$!
{
	archiveVersion = 1;
	classes = {
	};
	objectVersion = 77;
	objects = {

/* Begin PBXBuildFile section */
		CEB315012F01500600986732 /* WidgetKit.framework in Frameworks */ = {isa = PBXBuildFile; fileRef = CEB315002F01500600986732 /* WidgetKit.framework */; };
		CEB315032F01500600986732 /* SwiftUI.framework in Frameworks */ = {isa = PBXBuildFile; fileRef = CEB315022F01500600986732 /* SwiftUI.framework */; };
		CEB315142F01500700986732 /* CaloriesCalculatorWidgetsExtensionExtension.appex in Embed Foundation Extensions */ = {isa = PBXBuildFile; fileRef = CEB314FE2F01500600986732 /* CaloriesCalculatorWidgetsExtensionExtension.appex */; settings = {ATTRIBUTES = (RemoveHeadersOnCopy, ); }; };
		FF8901234567123456789013 /* SDK in Frameworks */ = {isa = PBXBuildFile; productRef = FF8901234567123456789012 /* SDK */; };
/* End PBXBuildFile section */

/* Begin PBXContainerItemProxy section */
		CEB0379A2EFD7A2C008E8EFE /* PBXContainerItemProxy */ = {
			isa = PBXContainerItemProxy;
			containerPortal = A314330D2EF0897D00EFE039 /* Project object */;
			proxyType = 1;
			remoteGlobalIDString = A31433142EF0897D00EFE039;
			remoteInfo = playground;
		};
		CEB315122F01500700986732 /* PBXContainerItemProxy */ = {
			isa = PBXContainerItemProxy;
			containerPortal = A314330D2EF0897D00EFE039 /* Project object */;
			proxyType = 1;
			remoteGlobalIDString = CEB314FD2F01500600986732;
			remoteInfo = CaloriesCalculatorWidgetsExtensionExtension;
		};
/* End PBXContainerItemProxy section */

/* Begin PBXCopyFilesBuildPhase section */
		CEB315152F01500700986732 /* Embed Foundation Extensions */ = {
			isa = PBXCopyFilesBuildPhase;
			buildActionMask = 2147483647;
			dstPath = "";
			dstSubfolderSpec = 13;
			files = (
				CEB315142F01500700986732 /* CaloriesCalculatorWidgetsExtensionExtension.appex in Embed Foundation Extensions */,
			);
			name = "Embed Foundation Extensions";
			runOnlyForDeploymentPostprocessing = 0;
		};
/* End PBXCopyFilesBuildPhase section */

/* Begin PBXFileReference section */
		A31433152EF0897D00EFE039 /* CalCalculator.app */ = {isa = PBXFileReference; explicitFileType = wrapper.application; includeInIndex = 0; path = CalCalculator.app; sourceTree = BUILT_PRODUCTS_DIR; };
		CEB037962EFD7A2C008E8EFE /* CalCalculatorTests.xctest */ = {isa = PBXFileReference; explicitFileType = wrapper.cfbundle; includeInIndex = 0; path = CalCalculatorTests.xctest; sourceTree = BUILT_PRODUCTS_DIR; };
		CEB314FE2F01500600986732 /* CaloriesCalculatorWidgetsExtensionExtension.appex */ = {isa = PBXFileReference; explicitFileType = "wrapper.app-extension"; includeInIndex = 0; path = CaloriesCalculatorWidgetsExtensionExtension.appex; sourceTree = BUILT_PRODUCTS_DIR; };
		CEB315002F01500600986732 /* WidgetKit.framework */ = {isa = PBXFileReference; lastKnownFileType = wrapper.framework; name = WidgetKit.framework; path = System/Library/Frameworks/WidgetKit.framework; sourceTree = SDKROOT; };
		CEB315022F01500600986732 /* SwiftUI.framework */ = {isa = PBXFileReference; lastKnownFileType = wrapper.framework; name = SwiftUI.framework; path = System/Library/Frameworks/SwiftUI.framework; sourceTree = SDKROOT; };
/* End PBXFileReference section */

/* Begin PBXFileSystemSynchronizedBuildFileExceptionSet section */
		CEB315182F01500700986732 /* Exceptions for "CaloriesCalculatorWidgetsExtension" folder in "CaloriesCalculatorWidgetsExtensionExtension" target */ = {
			isa = PBXFileSystemSynchronizedBuildFileExceptionSet;
			membershipExceptions = (
				Info.plist,
			);
			target = CEB314FD2F01500600986732 /* CaloriesCalculatorWidgetsExtensionExtension */;
		};
/* End PBXFileSystemSynchronizedBuildFileExceptionSet section */

/* Begin PBXFileSystemSynchronizedRootGroup section */
		A31433172EF0897D00EFE039 /* playground */ = {
			isa = PBXFileSystemSynchronizedRootGroup;
			path = playground;
			sourceTree = "<group>";
		};
		CEB037972EFD7A2C008E8EFE /* CalCalculatorTests */ = {
			isa = PBXFileSystemSynchronizedRootGroup;
			path = CalCalculatorTests;
			sourceTree = "<group>";
		};
		CEB315042F01500600986732 /* CaloriesCalculatorWidgetsExtension */ = {
			isa = PBXFileSystemSynchronizedRootGroup;
			exceptions = (
				CEB315182F01500700986732 /* Exceptions for "CaloriesCalculatorWidgetsExtension" folder in "CaloriesCalculatorWidgetsExtensionExtension" target */,
			);
			path = CaloriesCalculatorWidgetsExtension;
			sourceTree = "<group>";
		};
/* End PBXFileSystemSynchronizedRootGroup section */

/* Begin PBXFrameworksBuildPhase section */
		A31433122EF0897D00EFE039 /* Frameworks */ = {
			isa = PBXFrameworksBuildPhase;
			buildActionMask = 2147483647;
			files = (
				FF8901234567123456789013 /* SDK in Frameworks */,
			);
			runOnlyForDeploymentPostprocessing = 0;
		};
		CEB037932EFD7A2C008E8EFE /* Frameworks */ = {
			isa = PBXFrameworksBuildPhase;
			buildActionMask = 2147483647;
			files = (
			);
			runOnlyForDeploymentPostprocessing = 0;
		};
		CEB314FB2F01500600986732 /* Frameworks */ = {
			isa = PBXFrameworksBuildPhase;
			buildActionMask = 2147483647;
			files = (
				CEB315032F01500600986732 /* SwiftUI.framework in Frameworks */,
				CEB315012F01500600986732 /* WidgetKit.framework in Frameworks */,
			);
			runOnlyForDeploymentPostprocessing = 0;
		};
/* End PBXFrameworksBuildPhase section */

/* Begin PBXGroup section */
		A314330C2EF0897D00EFE039 = {
			isa = PBXGroup;
			children = (
				A31433172EF0897D00EFE039 /* playground */,
				CEB037972EFD7A2C008E8EFE /* CalCalculatorTests */,
				CEB315042F01500600986732 /* CaloriesCalculatorWidgetsExtension */,
				CEB314FF2F01500600986732 /* Frameworks */,
				A31433162EF0897D00EFE039 /* Products */,
			);
			sourceTree = "<group>";
		};
		A31433162EF0897D00EFE039 /* Products */ = {
			isa = PBXGroup;
			children = (
				A31433152EF0897D00EFE039 /* CalCalculator.app */,
				CEB037962EFD7A2C008E8EFE /* CalCalculatorTests.xctest */,
				CEB314FE2F01500600986732 /* CaloriesCalculatorWidgetsExtensionExtension.appex */,
			);
			name = Products;
			sourceTree = "<group>";
		};
		CEB314FF2F01500600986732 /* Frameworks */ = {
			isa = PBXGroup;
			children = (
				CEB315002F01500600986732 /* WidgetKit.framework */,
				CEB315022F01500600986732 /* SwiftUI.framework */,
			);
			name = Frameworks;
			sourceTree = "<group>";
		};
/* End PBXGroup section */

/* Begin PBXNativeTarget section */
		A31433142EF0897D00EFE039 /* playground */ = {
			isa = PBXNativeTarget;
			buildConfigurationList = A31433202EF0897D00EFE039 /* Build configuration list for PBXNativeTarget "playground" */;
			buildPhases = (
				A31433112EF0897D00EFE039 /* Sources */,
				A31433122EF0897D00EFE039 /* Frameworks */,
				A31433132EF0897D00EFE039 /* Resources */,
				CEB315152F01500700986732 /* Embed Foundation Extensions */,
				CE283E642F0ABD76006E67FB /* Copy dSYMs to Archive */,
			);
			buildRules = (
			);
			dependencies = (
				CEB315132F01500700986732 /* PBXTargetDependency */,
			);
			fileSystemSynchronizedGroups = (
				A31433172EF0897D00EFE039 /* playground */,
			);
			name = playground;
			packageProductDependencies = (
				FF8901234567123456789012 /* SDK */,
			);
			productName = playground;
			productReference = A31433152EF0897D00EFE039 /* CalCalculator.app */;
			productType = "com.apple.product-type.application";
		};
		CEB037952EFD7A2C008E8EFE /* CalCalculatorTests */ = {
			isa = PBXNativeTarget;
			buildConfigurationList = CEB0379E2EFD7A2C008E8EFE /* Build configuration list for PBXNativeTarget "CalCalculatorTests" */;
			buildPhases = (
				CEB037922EFD7A2C008E8EFE /* Sources */,
				CEB037932EFD7A2C008E8EFE /* Frameworks */,
				CEB037942EFD7A2C008E8EFE /* Resources */,
			);
			buildRules = (
			);
			dependencies = (
				CEB0379B2EFD7A2C008E8EFE /* PBXTargetDependency */,
			);
			fileSystemSynchronizedGroups = (
				CEB037972EFD7A2C008E8EFE /* CalCalculatorTests */,
			);
			name = CalCalculatorTests;
			packageProductDependencies = (
			);
			productName = CalCalculatorTests;
			productReference = CEB037962EFD7A2C008E8EFE /* CalCalculatorTests.xctest */;
			productType = "com.apple.product-type.bundle.unit-test";
		};
		CEB314FD2F01500600986732 /* CaloriesCalculatorWidgetsExtensionExtension */ = {
			isa = PBXNativeTarget;
			buildConfigurationList = CEB315192F01500700986732 /* Build configuration list for PBXNativeTarget "CaloriesCalculatorWidgetsExtensionExtension" */;
			buildPhases = (
				CEB314FA2F01500600986732 /* Sources */,
				CEB314FB2F01500600986732 /* Frameworks */,
				CEB314FC2F01500600986732 /* Resources */,
				CE283E652F0ABDD3006E67FB /* Copy dSYMs to Archive */,
			);
			buildRules = (
			);
			dependencies = (
			);
			fileSystemSynchronizedGroups = (
				CEB315042F01500600986732 /* CaloriesCalculatorWidgetsExtension */,
			);
			name = CaloriesCalculatorWidgetsExtensionExtension;
			packageProductDependencies = (
			);
			productName = CaloriesCalculatorWidgetsExtensionExtension;
			productReference = CEB314FE2F01500600986732 /* CaloriesCalculatorWidgetsExtensionExtension.appex */;
			productType = "com.apple.product-type.app-extension";
		};
/* End PBXNativeTarget section */

/* Begin PBXProject section */
		A314330D2EF0897D00EFE039 /* Project object */ = {
			isa = PBXProject;
			attributes = {
				BuildIndependentTargetsInParallel = 1;
				LastSwiftUpdateCheck = 2620;
				LastUpgradeCheck = 2620;
				TargetAttributes = {
					A31433142EF0897D00EFE039 = {
						CreatedOnToolsVersion = 26.1.1;
					};
					CEB037952EFD7A2C008E8EFE = {
						CreatedOnToolsVersion = 26.2;
						TestTargetID = A31433142EF0897D00EFE039;
					};
					CEB314FD2F01500600986732 = {
						CreatedOnToolsVersion = 26.2;
					};
				};
			};
			buildConfigurationList = A31433102EF0897D00EFE039 /* Build configuration list for PBXProject "CalCalculatorAiPlaygournd" */;
			developmentRegion = en;
			hasScannedForEncodings = 0;
			knownRegions = (
				en,
				Base,
				es,
				fr,
				de,
				it,
				pt,
				he,
				ar,
				ru,
				zh,
				ja,
				ko,
				hi,
			);
			mainGroup = A314330C2EF0897D00EFE039;
			minimizedProjectReferenceProxies = 1;
			packageReferences = (
				6AB94DA94C5042569CD5B911 /* XCRemoteSwiftPackageReference "Ios-Bundle" */,
				FF3456789012CDEF01234567 /* XCRemoteSwiftPackageReference "apps-sdk-V2" */,
			);
			preferredProjectObjectVersion = 77;
			productRefGroup = A31433162EF0897D00EFE039 /* Products */;
			projectDirPath = "";
			projectRoot = "";
			targets = (
				A31433142EF0897D00EFE039 /* playground */,
				CEB037952EFD7A2C008E8EFE /* CalCalculatorTests */,
				CEB314FD2F01500600986732 /* CaloriesCalculatorWidgetsExtensionExtension */,
			);
		};
/* End PBXProject section */

/* Begin PBXResourcesBuildPhase section */
		A31433132EF0897D00EFE039 /* Resources */ = {
			isa = PBXResourcesBuildPhase;
			buildActionMask = 2147483647;
			files = (
			);
			runOnlyForDeploymentPostprocessing = 0;
		};
		CEB037942EFD7A2C008E8EFE /* Resources */ = {
			isa = PBXResourcesBuildPhase;
			buildActionMask = 2147483647;
			files = (
			);
			runOnlyForDeploymentPostprocessing = 0;
		};
		CEB314FC2F01500600986732 /* Resources */ = {
			isa = PBXResourcesBuildPhase;
			buildActionMask = 2147483647;
			files = (
			);
			runOnlyForDeploymentPostprocessing = 0;
		};
/* End PBXResourcesBuildPhase section */

/* Begin PBXShellScriptBuildPhase section */
		CE283E642F0ABD76006E67FB /* Copy dSYMs to Archive */ = {
			isa = PBXShellScriptBuildPhase;
			buildActionMask = 2147483647;
			files = (
			);
			inputFileListPaths = (
			);
			inputPaths = (
			);
			name = "Copy dSYMs to Archive";
			outputFileListPaths = (
			);
			outputPaths = (
			);
			runOnlyForDeploymentPostprocessing = 0;
			shellPath = /bin/sh;
			shellScript = "# Ensure dSYMs are generated and included in archive\n# Xcode automatically collects dSYMs when DEBUG_INFORMATION_FORMAT = \"dwarf-with-dsym\"\n# This script verifies the build settings are correct\n# For archive builds, Xcode will automatically include:\n# - Main app dSYM\n# - App extension dSYMs\n# - Framework dSYMs (if available)\n# Note: Some third-party frameworks may not include dSYMs\n# This is expected and App Store Connect will handle missing framework dSYMs gracefully\nif [ \"${ACTION}\" = \"install\" ] && [ \"${DEBUG_INFORMATION_FORMAT}\" = \"dwarf-with-dsym\" ]; then\n    echo \"✅ [dSYM] Build configuration correct - Xcode will automatically include dSYMs in archive\"\n    echo \"   Main app: ${PRODUCT_NAME}.app\"\n    echo \"   dSYM format: ${DEBUG_INFORMATION_FORMAT}\"\nfi\nexit 0\n";
		};
		CE283E652F0ABDD3006E67FB /* Copy dSYMs to Archive */ = {
			isa = PBXShellScriptBuildPhase;
			buildActionMask = 2147483647;
			files = (
			);
			inputFileListPaths = (
			);
			inputPaths = (
			);
			name = "Copy dSYMs to Archive";
			outputFileListPaths = (
			);
			outputPaths = (
			);
			runOnlyForDeploymentPostprocessing = 0;
			shellPath = /bin/sh;
			shellScript = "# Widget extension - dSYMs are handled automatically by Xcode\n# Exit immediately to avoid sandbox permission issues\nexit 0\n";
		};
/* End PBXShellScriptBuildPhase section */

/* Begin PBXSourcesBuildPhase section */
		A31433112EF0897D00EFE039 /* Sources */ = {
			isa = PBXSourcesBuildPhase;
			buildActionMask = 2147483647;
			files = (
			);
			runOnlyForDeploymentPostprocessing = 0;
		};
		CEB037922EFD7A2C008E8EFE /* Sources */ = {
			isa = PBXSourcesBuildPhase;
			buildActionMask = 2147483647;
			files = (
			);
			runOnlyForDeploymentPostprocessing = 0;
		};
		CEB314FA2F01500600986732 /* Sources */ = {
			isa = PBXSourcesBuildPhase;
			buildActionMask = 2147483647;
			files = (
			);
			runOnlyForDeploymentPostprocessing = 0;
		};
/* End PBXSourcesBuildPhase section */

/* Begin PBXTargetDependency section */
		CEB0379B2EFD7A2C008E8EFE /* PBXTargetDependency */ = {
			isa = PBXTargetDependency;
			target = A31433142EF0897D00EFE039 /* playground */;
			targetProxy = CEB0379A2EFD7A2C008E8EFE /* PBXContainerItemProxy */;
		};
		CEB315132F01500700986732 /* PBXTargetDependency */ = {
			isa = PBXTargetDependency;
			target = CEB314FD2F01500600986732 /* CaloriesCalculatorWidgetsExtensionExtension */;
			targetProxy = CEB315122F01500700986732 /* PBXContainerItemProxy */;
		};
/* End PBXTargetDependency section */

/* Begin XCBuildConfiguration section */
		A314331E2EF0897D00EFE039 /* Debug */ = {
			isa = XCBuildConfiguration;
			buildSettings = {
				ALWAYS_SEARCH_USER_PATHS = NO;
				ASSETCATALOG_COMPILER_GENERATE_SWIFT_ASSET_SYMBOL_EXTENSIONS = YES;
				CLANG_ANALYZER_NONNULL = YES;
				CLANG_ANALYZER_NUMBER_OBJECT_CONVERSION = YES_AGGRESSIVE;
				CLANG_CXX_LANGUAGE_STANDARD = "gnu++20";
				CLANG_ENABLE_MODULES = YES;
				CLANG_ENABLE_OBJC_ARC = YES;
				CLANG_ENABLE_OBJC_WEAK = YES;
				CLANG_WARN_BLOCK_CAPTURE_AUTORELEASING = YES;
				CLANG_WARN_BOOL_CONVERSION = YES;
				CLANG_WARN_COMMA = YES;
				CLANG_WARN_CONSTANT_CONVERSION = YES;
				CLANG_WARN_DEPRECATED_OBJC_IMPLEMENTATIONS = YES;
				CLANG_WARN_DIRECT_OBJC_ISA_USAGE = YES_ERROR;
				CLANG_WARN_DOCUMENTATION_COMMENTS = YES;
				CLANG_WARN_EMPTY_BODY = YES;
				CLANG_WARN_ENUM_CONVERSION = YES;
				CLANG_WARN_INFINITE_RECURSION = YES;
				CLANG_WARN_INT_CONVERSION = YES;
				CLANG_WARN_NON_LITERAL_NULL_CONVERSION = YES;
				CLANG_WARN_OBJC_IMPLICIT_RETAIN_SELF = YES;
				CLANG_WARN_OBJC_LITERAL_CONVERSION = YES;
				CLANG_WARN_OBJC_ROOT_CLASS = YES_ERROR;
				CLANG_WARN_QUOTED_INCLUDE_IN_FRAMEWORK_HEADER = YES;
				CLANG_WARN_RANGE_LOOP_ANALYSIS = YES;
				CLANG_WARN_STRICT_PROTOTYPES = YES;
				CLANG_WARN_SUSPICIOUS_MOVE = YES;
				CLANG_WARN_UNGUARDED_AVAILABILITY = YES_AGGRESSIVE;
				CLANG_WARN_UNREACHABLE_CODE = YES;
				CLANG_WARN__DUPLICATE_METHOD_MATCH = YES;
				COPY_PHASE_STRIP = NO;
				DEBUG_INFORMATION_FORMAT = dwarf;
				ENABLE_STRICT_OBJC_MSGSEND = YES;
				ENABLE_TESTABILITY = YES;
				ENABLE_USER_SCRIPT_SANDBOXING = YES;
				GCC_C_LANGUAGE_STANDARD = gnu17;
				GCC_DYNAMIC_NO_PIC = NO;
				GCC_NO_COMMON_BLOCKS = YES;
				GCC_OPTIMIZATION_LEVEL = 0;
				GCC_PREPROCESSOR_DEFINITIONS = (
					"DEBUG=1",
					"$(inherited)",
				);
				GCC_WARN_64_TO_32_BIT_CONVERSION = YES;
				GCC_WARN_ABOUT_RETURN_TYPE = YES_ERROR;
				GCC_WARN_UNDECLARED_SELECTOR = YES;
				GCC_WARN_UNINITIALIZED_AUTOS = YES_AGGRESSIVE;
				GCC_WARN_UNUSED_FUNCTION = YES;
				GCC_WARN_UNUSED_VARIABLE = YES;
				IPHONEOS_DEPLOYMENT_TARGET = 17.0;
				LOCALIZATION_PREFERS_STRING_CATALOGS = YES;
				MTL_ENABLE_DEBUG_INFO = INCLUDE_SOURCE;
				MTL_FAST_MATH = YES;
				ONLY_ACTIVE_ARCH = YES;
				SDKROOT = iphoneos;
				SWIFT_ACTIVE_COMPILATION_CONDITIONS = "DEBUG $(inherited)";
				SWIFT_EMIT_LOC_STRINGS = YES;
				SWIFT_OPTIMIZATION_LEVEL = "-Onone";
			};
			name = Debug;
		};
		A314331F2EF0897D00EFE039 /* Release */ = {
			isa = XCBuildConfiguration;
			buildSettings = {
				ALWAYS_SEARCH_USER_PATHS = NO;
				ASSETCATALOG_COMPILER_GENERATE_SWIFT_ASSET_SYMBOL_EXTENSIONS = YES;
				CLANG_ANALYZER_NONNULL = YES;
				CLANG_ANALYZER_NUMBER_OBJECT_CONVERSION = YES_AGGRESSIVE;
				CLANG_CXX_LANGUAGE_STANDARD = "gnu++20";
				CLANG_ENABLE_MODULES = YES;
				CLANG_ENABLE_OBJC_ARC = YES;
				CLANG_ENABLE_OBJC_WEAK = YES;
				CLANG_WARN_BLOCK_CAPTURE_AUTORELEASING = YES;
				CLANG_WARN_BOOL_CONVERSION = YES;
				CLANG_WARN_COMMA = YES;
				CLANG_WARN_CONSTANT_CONVERSION = YES;
				CLANG_WARN_DEPRECATED_OBJC_IMPLEMENTATIONS = YES;
				CLANG_WARN_DIRECT_OBJC_ISA_USAGE = YES_ERROR;
				CLANG_WARN_DOCUMENTATION_COMMENTS = YES;
				CLANG_WARN_EMPTY_BODY = YES;
				CLANG_WARN_ENUM_CONVERSION = YES;
				CLANG_WARN_INFINITE_RECURSION = YES;
				CLANG_WARN_INT_CONVERSION = YES;
				CLANG_WARN_NON_LITERAL_NULL_CONVERSION = YES;
				CLANG_WARN_OBJC_IMPLICIT_RETAIN_SELF = YES;
				CLANG_WARN_OBJC_LITERAL_CONVERSION = YES;
				CLANG_WARN_OBJC_ROOT_CLASS = YES_ERROR;
				CLANG_WARN_QUOTED_INCLUDE_IN_FRAMEWORK_HEADER = YES;
				CLANG_WARN_RANGE_LOOP_ANALYSIS = YES;
				CLANG_WARN_STRICT_PROTOTYPES = YES;
				CLANG_WARN_SUSPICIOUS_MOVE = YES;
				CLANG_WARN_UNGUARDED_AVAILABILITY = YES_AGGRESSIVE;
				CLANG_WARN_UNREACHABLE_CODE = YES;
				CLANG_WARN__DUPLICATE_METHOD_MATCH = YES;
				COPY_PHASE_STRIP = NO;
				DEBUG_INFORMATION_FORMAT = "dwarf-with-dsym";
				ENABLE_NS_ASSERTIONS = NO;
				ENABLE_STRICT_OBJC_MSGSEND = YES;
				ENABLE_USER_SCRIPT_SANDBOXING = YES;
				GCC_C_LANGUAGE_STANDARD = gnu17;
				GCC_NO_COMMON_BLOCKS = YES;
				GCC_WARN_64_TO_32_BIT_CONVERSION = YES;
				GCC_WARN_ABOUT_RETURN_TYPE = YES_ERROR;
				GCC_WARN_UNDECLARED_SELECTOR = YES;
				GCC_WARN_UNINITIALIZED_AUTOS = YES_AGGRESSIVE;
				GCC_WARN_UNUSED_FUNCTION = YES;
				GCC_WARN_UNUSED_VARIABLE = YES;
				IPHONEOS_DEPLOYMENT_TARGET = 17.0;
				LOCALIZATION_PREFERS_STRING_CATALOGS = YES;
				MTL_ENABLE_DEBUG_INFO = NO;
				MTL_FAST_MATH = YES;
				SDKROOT = iphoneos;
				SWIFT_COMPILATION_MODE = wholemodule;
				SWIFT_EMIT_LOC_STRINGS = YES;
				VALIDATE_PRODUCT = YES;
			};
			name = Release;
		};
		A31433212EF0897D00EFE039 /* Debug */ = {
			isa = XCBuildConfiguration;
			buildSettings = {
				ASSETCATALOG_COMPILER_APPICON_NAME = AppIcon;
				ASSETCATALOG_COMPILER_GLOBAL_ACCENT_COLOR_NAME = AccentColor;
				CODE_SIGN_ENTITLEMENTS = playground/CalCalculator.entitlements;
				CODE_SIGN_STYLE = Automatic;
				CURRENT_PROJECT_VERSION = 2;
				DEVELOPMENT_TEAM = 5NS9ZUMYCS;
				ENABLE_PREVIEWS = YES;
				GENERATE_INFOPLIST_FILE = YES;
				INFOPLIST_KEY_CFBundleDisplayName = CalCalculator;
				INFOPLIST_KEY_CFBundleName = CalCalculator;
				INFOPLIST_KEY_NSCameraUsageDescription = "This app needs camera access to take photos of your meals for calorie tracking.";
				INFOPLIST_KEY_NSHealthShareUsageDescription = "CalCalculator needs access to read your health data to display activity metrics and weight history.";
				INFOPLIST_KEY_NSHealthUpdateUsageDescription = "CalCalculator needs access to save your weight measurements to Apple Health.";
				INFOPLIST_KEY_NSLocationWhenInUseUsageDescription = "This app does not use location services. This permission may be requested by third-party SDKs for analytics purposes.";
				INFOPLIST_KEY_NSPhotoLibraryUsageDescription = "This app needs photo library access to select photos of your meals for calorie tracking.";
				INFOPLIST_KEY_NSSupportsLiveActivities = YES;
				INFOPLIST_KEY_NSUserTrackingUsageDescription = "This permission may be requested by third-party SDKs for analytics purposes. You can choose to allow or deny this request.";
				INFOPLIST_KEY_UIApplicationSceneManifest_Generation = YES;
				INFOPLIST_KEY_UIApplicationSupportsIndirectInputEvents = YES;
				INFOPLIST_KEY_UILaunchScreen_Generation = YES;
				INFOPLIST_KEY_UILaunchStoryboardName = LaunchScreen.storyboard;
				INFOPLIST_KEY_UISupportedInterfaceOrientations_iPad = "UIInterfaceOrientationPortrait UIInterfaceOrientationPortraitUpsideDown UIInterfaceOrientationLandscapeLeft UIInterfaceOrientationLandscapeRight";
				INFOPLIST_KEY_UISupportedInterfaceOrientations_iPhone = "UIInterfaceOrientationPortrait UIInterfaceOrientationLandscapeLeft UIInterfaceOrientationLandscapeRight";
				IPHONEOS_DEPLOYMENT_TARGET = 17;
				LD_RUNPATH_SEARCH_PATHS = (
					"$(inherited)",
					"@executable_path/Frameworks",
				);
				LIBRARY_SEARCH_PATHS = "$(inherited)";
				MARKETING_VERSION = 1.0;
				PRODUCT_BUNDLE_IDENTIFIER = CalCalculatorAiPlaygournd;
				PRODUCT_NAME = CalCalculator;
				SKIP_INSTALL_APP_INTENTS_METADATA = YES;
				STRING_CATALOG_GENERATE_SYMBOLS = YES;
				SWIFT_APPROACHABLE_CONCURRENCY = YES;
				SWIFT_DEFAULT_ACTOR_ISOLATION = MainActor;
				SWIFT_EMIT_LOC_STRINGS = YES;
				SWIFT_STRICT_CONCURRENCY = off;
				SWIFT_UPCOMING_FEATURE_MEMBER_IMPORT_VISIBILITY = YES;
				SWIFT_VERSION = 6.0;
				TARGETED_DEVICE_FAMILY = "1,2";
			};
			name = Debug;
		};
		A31433222EF0897D00EFE039 /* Release */ = {
			isa = XCBuildConfiguration;
			buildSettings = {
				ASSETCATALOG_COMPILER_APPICON_NAME = AppIcon;
				ASSETCATALOG_COMPILER_GLOBAL_ACCENT_COLOR_NAME = AccentColor;
				CODE_SIGN_ENTITLEMENTS = playground/CalCalculator.entitlements;
				CODE_SIGN_STYLE = Automatic;
				CURRENT_PROJECT_VERSION = 2;
				DEBUG_INFORMATION_FORMAT = "dwarf-with-dsym";
				DEVELOPMENT_TEAM = 5NS9ZUMYCS;
				DWARF_DSYM_FILE_SHOULD_ACCOMPANY_PRODUCT = YES;
				ENABLE_PREVIEWS = YES;
				GENERATE_INFOPLIST_FILE = YES;
				INFOPLIST_KEY_CFBundleDisplayName = CalCalculator;
				INFOPLIST_KEY_CFBundleName = CalCalculator;
				INFOPLIST_KEY_NSCameraUsageDescription = "This app needs camera access to take photos of your meals for calorie tracking.";
				INFOPLIST_KEY_NSHealthShareUsageDescription = "CalCalculator needs access to read your health data to display activity metrics and weight history.";
				INFOPLIST_KEY_NSHealthUpdateUsageDescription = "CalCalculator needs access to save your weight measurements to Apple Health.";
				INFOPLIST_KEY_NSLocationWhenInUseUsageDescription = "This app does not use location services. This permission may be requested by third-party SDKs for analytics purposes.";
				INFOPLIST_KEY_NSPhotoLibraryUsageDescription = "This app needs photo library access to select photos of your meals for calorie tracking.";
				INFOPLIST_KEY_NSSupportsLiveActivities = YES;
				INFOPLIST_KEY_NSUserTrackingUsageDescription = "This permission may be requested by third-party SDKs for analytics purposes. You can choose to allow or deny this request.";
				INFOPLIST_KEY_UIApplicationSceneManifest_Generation = YES;
				INFOPLIST_KEY_UIApplicationSupportsIndirectInputEvents = YES;
				INFOPLIST_KEY_UILaunchScreen_Generation = YES;
				INFOPLIST_KEY_UILaunchStoryboardName = LaunchScreen.storyboard;
				INFOPLIST_KEY_UISupportedInterfaceOrientations_iPad = "UIInterfaceOrientationPortrait UIInterfaceOrientationPortraitUpsideDown UIInterfaceOrientationLandscapeLeft UIInterfaceOrientationLandscapeRight";
				INFOPLIST_KEY_UISupportedInterfaceOrientations_iPhone = "UIInterfaceOrientationPortrait UIInterfaceOrientationLandscapeLeft UIInterfaceOrientationLandscapeRight";
				IPHONEOS_DEPLOYMENT_TARGET = 17;
				LD_RUNPATH_SEARCH_PATHS = (
					"$(inherited)",
					"@executable_path/Frameworks",
				);
				LIBRARY_SEARCH_PATHS = "$(inherited)";
				MARKETING_VERSION = 1.0;
				PRODUCT_BUNDLE_IDENTIFIER = CalCalculatorAiPlaygournd;
				PRODUCT_NAME = CalCalculator;
				SKIP_INSTALL_APP_INTENTS_METADATA = YES;
				STRING_CATALOG_GENERATE_SYMBOLS = YES;
				SWIFT_APPROACHABLE_CONCURRENCY = YES;
				SWIFT_DEFAULT_ACTOR_ISOLATION = MainActor;
				SWIFT_EMIT_LOC_STRINGS = YES;
				SWIFT_STRICT_CONCURRENCY = off;
				SWIFT_UPCOMING_FEATURE_MEMBER_IMPACT_VISIBILITY = YES;
				SWIFT_VERSION = 6.0;
				TARGETED_DEVICE_FAMILY = "1,2";
			};
			name = Release;
		};
		CEB0379C2EFD7A2C008E8EFE /* Debug */ = {
			isa = XCBuildConfiguration;
			buildSettings = {
				BUNDLE_LOADER = "$(TEST_HOST)";
				CODE_SIGN_STYLE = Automatic;
				CURRENT_PROJECT_VERSION = 1;
				DEVELOPMENT_TEAM = 5NS9ZUMYCS;
				GENERATE_INFOPLIST_FILE = YES;
				IPHONEOS_DEPLOYMENT_TARGET = 17;
				MARKETING_VERSION = 1.0;
				PRODUCT_BUNDLE_IDENTIFIER = CalCalculatorAiPlaygournd.CalCalculatorTests;
				PRODUCT_NAME = "$(TARGET_NAME)";
				SDKROOT = iphoneos;
				STRING_CATALOG_GENERATE_SYMBOLS = NO;
				SWIFT_APPROACHABLE_CONCURRENCY = YES;
				SWIFT_EMIT_LOC_STRINGS = NO;
				SWIFT_UPCOMING_FEATURE_MEMBER_IMPORT_VISIBILITY = YES;
				SWIFT_VERSION = 6.0;
				TARGETED_DEVICE_FAMILY = "1,2";
				TEST_HOST = "$(BUILT_PRODUCTS_DIR)/CalCalculator.app";
			};
			name = Debug;
		};
		CEB0379D2EFD7A2C008E8EFE /* Release */ = {
			isa = XCBuildConfiguration;
			buildSettings = {
				BUNDLE_LOADER = "$(TEST_HOST)";
				CODE_SIGN_STYLE = Automatic;
				CURRENT_PROJECT_VERSION = 1;
				DEVELOPMENT_TEAM = 5NS9ZUMYCS;
				GENERATE_INFOPLIST_FILE = YES;
				IPHONEOS_DEPLOYMENT_TARGET = 17;
				MARKETING_VERSION = 1.0;
				PRODUCT_BUNDLE_IDENTIFIER = CalCalculatorAiPlaygournd.CalCalculatorTests;
				PRODUCT_NAME = "$(TARGET_NAME)";
				STRING_CATALOG_GENERATE_SYMBOLS = NO;
				SWIFT_APPROACHABLE_CONCURRENCY = YES;
				SWIFT_EMIT_LOC_STRINGS = NO;
				SWIFT_UPCOMING_FEATURE_MEMBER_IMPORT_VISIBILITY = YES;
				SWIFT_VERSION = 6.0;
				TARGETED_DEVICE_FAMILY = "1,2";
				TEST_HOST = "$(BUILT_PRODUCTS_DIR)/CalCalculator.app";
			};
			name = Release;
		};
		CEB315162F01500700986732 /* Debug */ = {
			isa = XCBuildConfiguration;
			buildSettings = {
				ASSETCATALOG_COMPILER_GLOBAL_ACCENT_COLOR_NAME = AccentColor;
				ASSETCATALOG_COMPILER_WIDGET_BACKGROUND_COLOR_NAME = WidgetBackground;
				CODE_SIGN_ENTITLEMENTS = CaloriesCalculatorWidgetsExtension/CaloriesCalculatorWidgetsExtension.entitlements;
				CODE_SIGN_STYLE = Automatic;
				CURRENT_PROJECT_VERSION = 2;
				DEVELOPMENT_TEAM = 5NS9ZUMYCS;
				GENERATE_INFOPLIST_FILE = YES;
				INFOPLIST_FILE = CaloriesCalculatorWidgetsExtension/Info.plist;
				INFOPLIST_KEY_CFBundleDisplayName = CalCalculator;
				INFOPLIST_KEY_NSHumanReadableCopyright = "";
				IPHONEOS_DEPLOYMENT_TARGET = 17;
				LD_RUNPATH_SEARCH_PATHS = (
					"$(inherited)",
					"@executable_path/Frameworks",
					"@executable_path/../../Frameworks",
				);
				MARKETING_VERSION = 1.0;
				PRODUCT_BUNDLE_IDENTIFIER = CalCalculatorAiPlaygournd.widget;
				PRODUCT_NAME = "$(TARGET_NAME)";
				SKIP_INSTALL = YES;
				SKIP_INSTALL_APP_INTENTS_METADATA = YES;
				STRING_CATALOG_GENERATE_SYMBOLS = YES;
				SWIFT_APPROACHABLE_CONCURRENCY = YES;
				SWIFT_EMIT_LOC_STRINGS = YES;
				SWIFT_UPCOMING_FEATURE_MEMBER_IMPORT_VISIBILITY = YES;
				SWIFT_VERSION = 6.0;
				TARGETED_DEVICE_FAMILY = "1,2";
			};
			name = Debug;
		};
		CEB315172F01500700986732 /* Release */ = {
			isa = XCBuildConfiguration;
			buildSettings = {
				ASSETCATALOG_COMPILER_GLOBAL_ACCENT_COLOR_NAME = AccentColor;
				ASSETCATALOG_COMPILER_WIDGET_BACKGROUND_COLOR_NAME = WidgetBackground;
				CODE_SIGN_ENTITLEMENTS = CaloriesCalculatorWidgetsExtension/CaloriesCalculatorWidgetsExtension.entitlements;
				CODE_SIGN_STYLE = Automatic;
				CURRENT_PROJECT_VERSION = 2;
				DEBUG_INFORMATION_FORMAT = "dwarf-with-dsym";
				DEVELOPMENT_TEAM = 5NS9ZUMYCS;
				DWARF_DSYM_FILE_SHOULD_ACCOMPANY_PRODUCT = YES;
				GENERATE_INFOPLIST_FILE = YES;
				INFOPLIST_FILE = CaloriesCalculatorWidgetsExtension/Info.plist;
				INFOPLIST_KEY_CFBundleDisplayName = CalCalculator;
				INFOPLIST_KEY_NSHumanReadableCopyright = "";
				IPHONEOS_DEPLOYMENT_TARGET = 17;
				LD_RUNPATH_SEARCH_PATHS = (
					"$(inherited)",
					"@executable_path/Frameworks",
					"@executable_path/../../Frameworks",
				);
				MARKETING_VERSION = 1.0;
				PRODUCT_BUNDLE_IDENTIFIER = CalCalculatorAiPlaygournd.widget;
				PRODUCT_NAME = "$(TARGET_NAME)";
				SKIP_INSTALL = YES;
				SKIP_INSTALL_APP_INTENTS_METADATA = YES;
				STRING_CATALOG_GENERATE_SYMBOLS = YES;
				SWIFT_APPROACHABLE_CONCURRENCY = YES;
				SWIFT_EMIT_LOC_STRINGS = YES;
				SWIFT_UPCOMING_FEATURE_MEMBER_IMPORT_VISIBILITY = YES;
				SWIFT_VERSION = 6.0;
				TARGETED_DEVICE_FAMILY = "1,2";
			};
			name = Release;
		};
/* End XCBuildConfiguration section */

/* Begin XCConfigurationList section */
		A31433102EF0897D00EFE039 /* Build configuration list for PBXProject "CalCalculatorAiPlaygournd" */ = {
			isa = XCConfigurationList;
			buildConfigurations = (
				A314331E2EF0897D00EFE039 /* Debug */,
				A314331F2EF0897D00EFE039 /* Release */,
			);
			defaultConfigurationIsVisible = 0;
			defaultConfigurationName = Release;
		};
		A31433202EF0897D00EFE039 /* Build configuration list for PBXNativeTarget "playground" */ = {
			isa = XCConfigurationList;
			buildConfigurations = (
				A31433212EF0897D00EFE039 /* Debug */,
				A31433222EF0897D00EFE039 /* Release */,
			);
			defaultConfigurationIsVisible = 0;
			defaultConfigurationName = Release;
		};
		CEB0379E2EFD7A2C008E8EFE /* Build configuration list for PBXNativeTarget "CalCalculatorTests" */ = {
			isa = XCConfigurationList;
			buildConfigurations = (
				CEB0379C2EFD7A2C008E8EFE /* Debug */,
				CEB0379D2EFD7A2C008E8EFE /* Release */,
			);
			defaultConfigurationIsVisible = 0;
			defaultConfigurationName = Release;
		};
		CEB315192F01500700986732 /* Build configuration list for PBXNativeTarget "CaloriesCalculatorWidgetsExtensionExtension" */ = {
			isa = XCConfigurationList;
			buildConfigurations = (
				CEB315162F01500700986732 /* Debug */,
				CEB315172F01500700986732 /* Release */,
			);
			defaultConfigurationIsVisible = 0;
			defaultConfigurationName = Release;
		};
/* End XCConfigurationList section */

/* Begin XCRemoteSwiftPackageReference section */
		6AB94DA94C5042569CD5B911 /* XCRemoteSwiftPackageReference "Ios-Bundle" */ = {
			isa = XCRemoteSwiftPackageReference;
			repositoryURL = "https://git-codecommit.us-east-1.amazonaws.com/v1/repos/Ios-Bundle";
			requirement = {
				branch = master;
				kind = branch;
			};
		};
		FF3456789012CDEF01234567 /* XCRemoteSwiftPackageReference "apps-sdk-V2" */ = {
			isa = XCRemoteSwiftPackageReference;
			repositoryURL = "https://git-codecommit.us-east-1.amazonaws.com/v1/repos/apps-sdk-V2";
			requirement = {
				branch = master;
				kind = branch;
			};
		};
/* End XCRemoteSwiftPackageReference section */

/* Begin XCSwiftPackageProductDependency section */
		FF8901234567123456789012 /* SDK */ = {
			isa = XCSwiftPackageProductDependency;
			package = FF3456789012CDEF01234567 /* XCRemoteSwiftPackageReference "apps-sdk-V2" */;
			productName = SDK;
		};
/* End XCSwiftPackageProductDependency section */
	};
	rootObject = A314330D2EF0897D00EFE039 /* Project object */;
}
