// !$*UTF8*$!
{
	archiveVersion = 1;
	classes = {
	};
	objectVersion = 77;
	objects = {

/* Begin PBXBuildFile section */
		CE4533C62EF81636006F848D /* MavenCommonSwiftUI in Frameworks */ = {isa = PBXBuildFile; productRef = FF5B2D1B53224F94AE3D23B7 /* MavenCommonSwiftUI */; };
		E51C57E32EFD2FF4002A2D96 /* WidgetKit.framework in Frameworks */ = {isa = PBXBuildFile; fileRef = E51C57E22EFD2FF4002A2D96 /* WidgetKit.framework */; };
		E51C57E52EFD2FF4002A2D96 /* SwiftUI.framework in Frameworks */ = {isa = PBXBuildFile; fileRef = E51C57E42EFD2FF4002A2D96 /* SwiftUI.framework */; };
		E51C57F42EFD2FF5002A2D96 /* CaloriesCalculatorWidgetsExtension.appex in Embed Foundation Extensions */ = {isa = PBXBuildFile; fileRef = E51C57E02EFD2FF4002A2D96 /* CaloriesCalculatorWidgetsExtension.appex */; settings = {ATTRIBUTES = (RemoveHeadersOnCopy, ); }; };
/* End PBXBuildFile section */

/* Begin PBXContainerItemProxy section */
		E51C57F22EFD2FF5002A2D96 /* PBXContainerItemProxy */ = {
			isa = PBXContainerItemProxy;
			containerPortal = A314330D2EF0897D00EFE039 /* Project object */;
			proxyType = 1;
			remoteGlobalIDString = E51C57DF2EFD2FF4002A2D96;
			remoteInfo = CaloriesCalculatorWidgetsExtension;
		};
/* End PBXContainerItemProxy section */

/* Begin PBXCopyFilesBuildPhase section */
		E51C57F52EFD2FF5002A2D96 /* Embed Foundation Extensions */ = {
			isa = PBXCopyFilesBuildPhase;
			buildActionMask = 2147483647;
			dstPath = "";
			dstSubfolderSpec = 13;
			files = (
				E51C57F42EFD2FF5002A2D96 /* CaloriesCalculatorWidgetsExtension.appex in Embed Foundation Extensions */,
			);
			name = "Embed Foundation Extensions";
			runOnlyForDeploymentPostprocessing = 0;
		};
/* End PBXCopyFilesBuildPhase section */

/* Begin PBXFileReference section */
		A31433152EF0897D00EFE039 /* playground.app */ = {isa = PBXFileReference; explicitFileType = wrapper.application; includeInIndex = 0; path = playground.app; sourceTree = BUILT_PRODUCTS_DIR; };
		E51C57E02EFD2FF4002A2D96 /* CaloriesCalculatorWidgetsExtension.appex */ = {isa = PBXFileReference; explicitFileType = "wrapper.app-extension"; includeInIndex = 0; path = CaloriesCalculatorWidgetsExtension.appex; sourceTree = BUILT_PRODUCTS_DIR; };
		E51C57E22EFD2FF4002A2D96 /* WidgetKit.framework */ = {isa = PBXFileReference; lastKnownFileType = wrapper.framework; name = WidgetKit.framework; path = System/Library/Frameworks/WidgetKit.framework; sourceTree = SDKROOT; };
		E51C57E42EFD2FF4002A2D96 /* SwiftUI.framework */ = {isa = PBXFileReference; lastKnownFileType = wrapper.framework; name = SwiftUI.framework; path = System/Library/Frameworks/SwiftUI.framework; sourceTree = SDKROOT; };
/* End PBXFileReference section */

/* Begin PBXFileSystemSynchronizedBuildFileExceptionSet section */
		E51C57F82EFD2FF5002A2D96 /* Exceptions for "CaloriesCalculatorWidgets" folder in "CaloriesCalculatorWidgetsExtension" target */ = {
			isa = PBXFileSystemSynchronizedBuildFileExceptionSet;
			membershipExceptions = (
				Info.plist,
			);
			target = E51C57DF2EFD2FF4002A2D96 /* CaloriesCalculatorWidgetsExtension */;
		};
/* End PBXFileSystemSynchronizedBuildFileExceptionSet section */

/* Begin PBXFileSystemSynchronizedRootGroup section */
		A31433172EF0897D00EFE039 /* playground */ = {
			isa = PBXFileSystemSynchronizedRootGroup;
			path = playground;
			sourceTree = "<group>";
		};
		E51C57E62EFD2FF4002A2D96 /* CaloriesCalculatorWidgets */ = {
			isa = PBXFileSystemSynchronizedRootGroup;
			exceptions = (
				E51C57F82EFD2FF5002A2D96 /* Exceptions for "CaloriesCalculatorWidgets" folder in "CaloriesCalculatorWidgetsExtension" target */,
			);
			path = CaloriesCalculatorWidgets;
			sourceTree = "<group>";
		};
/* End PBXFileSystemSynchronizedRootGroup section */

/* Begin PBXFrameworksBuildPhase section */
		A31433122EF0897D00EFE039 /* Frameworks */ = {
			isa = PBXFrameworksBuildPhase;
			buildActionMask = 2147483647;
			files = (
				CE4533C62EF81636006F848D /* MavenCommonSwiftUI in Frameworks */,
			);
			runOnlyForDeploymentPostprocessing = 0;
		};
		E51C57DD2EFD2FF4002A2D96 /* Frameworks */ = {
			isa = PBXFrameworksBuildPhase;
			buildActionMask = 2147483647;
			files = (
				E51C57E52EFD2FF4002A2D96 /* SwiftUI.framework in Frameworks */,
				E51C57E32EFD2FF4002A2D96 /* WidgetKit.framework in Frameworks */,
			);
			runOnlyForDeploymentPostprocessing = 0;
		};
/* End PBXFrameworksBuildPhase section */

/* Begin PBXGroup section */
		A314330C2EF0897D00EFE039 = {
			isa = PBXGroup;
			children = (
				A31433172EF0897D00EFE039 /* playground */,
				E51C57E62EFD2FF4002A2D96 /* CaloriesCalculatorWidgets */,
				E51C57E12EFD2FF4002A2D96 /* Frameworks */,
				A31433162EF0897D00EFE039 /* Products */,
			);
			sourceTree = "<group>";
		};
		A31433162EF0897D00EFE039 /* Products */ = {
			isa = PBXGroup;
			children = (
				A31433152EF0897D00EFE039 /* playground.app */,
				E51C57E02EFD2FF4002A2D96 /* CaloriesCalculatorWidgetsExtension.appex */,
			);
			name = Products;
			sourceTree = "<group>";
		};
		E51C57E12EFD2FF4002A2D96 /* Frameworks */ = {
			isa = PBXGroup;
			children = (
				E51C57E22EFD2FF4002A2D96 /* WidgetKit.framework */,
				E51C57E42EFD2FF4002A2D96 /* SwiftUI.framework */,
			);
			name = Frameworks;
			sourceTree = "<group>";
		};
/* End PBXGroup section */

/* Begin PBXNativeTarget section */
		A31433142EF0897D00EFE039 /* playground */ = {
			isa = PBXNativeTarget;
			buildConfigurationList = A31433202EF0897D00EFE039 /* Build configuration list for PBXNativeTarget "playground" */;
			buildPhases = (
				A31433112EF0897D00EFE039 /* Sources */,
				A31433122EF0897D00EFE039 /* Frameworks */,
				A31433132EF0897D00EFE039 /* Resources */,
				E51C57F52EFD2FF5002A2D96 /* Embed Foundation Extensions */,
			);
			buildRules = (
			);
			dependencies = (
				E51C57F32EFD2FF5002A2D96 /* PBXTargetDependency */,
			);
			fileSystemSynchronizedGroups = (
				A31433172EF0897D00EFE039 /* playground */,
			);
			name = playground;
			packageProductDependencies = (
				FF5B2D1B53224F94AE3D23B7 /* MavenCommonSwiftUI */,
			);
			productName = playground;
			productReference = A31433152EF0897D00EFE039 /* playground.app */;
			productType = "com.apple.product-type.application";
		};
		E51C57DF2EFD2FF4002A2D96 /* CaloriesCalculatorWidgetsExtension */ = {
			isa = PBXNativeTarget;
			buildConfigurationList = E51C57F92EFD2FF5002A2D96 /* Build configuration list for PBXNativeTarget "CaloriesCalculatorWidgetsExtension" */;
			buildPhases = (
				E51C57DC2EFD2FF4002A2D96 /* Sources */,
				E51C57DD2EFD2FF4002A2D96 /* Frameworks */,
				E51C57DE2EFD2FF4002A2D96 /* Resources */,
			);
			buildRules = (
			);
			dependencies = (
			);
			fileSystemSynchronizedGroups = (
				E51C57E62EFD2FF4002A2D96 /* CaloriesCalculatorWidgets */,
			);
			name = CaloriesCalculatorWidgetsExtension;
			packageProductDependencies = (
			);
			productName = CaloriesCalculatorWidgetsExtension;
			productReference = E51C57E02EFD2FF4002A2D96 /* CaloriesCalculatorWidgetsExtension.appex */;
			productType = "com.apple.product-type.app-extension";
		};
/* End PBXNativeTarget section */

/* Begin PBXProject section */
		A314330D2EF0897D00EFE039 /* Project object */ = {
			isa = PBXProject;
			attributes = {
				BuildIndependentTargetsInParallel = 1;
				LastSwiftUpdateCheck = 2610;
				LastUpgradeCheck = 2610;
				TargetAttributes = {
					A31433142EF0897D00EFE039 = {
						CreatedOnToolsVersion = 26.1.1;
					};
					E51C57DF2EFD2FF4002A2D96 = {
						CreatedOnToolsVersion = 26.1.1;
					};
				};
			};
			buildConfigurationList = A31433102EF0897D00EFE039 /* Build configuration list for PBXProject "playground" */;
			developmentRegion = en;
			hasScannedForEncodings = 0;
			knownRegions = (
				en,
				Base,
			);
			mainGroup = A314330C2EF0897D00EFE039;
			minimizedProjectReferenceProxies = 1;
			packageReferences = (
				6AB94DA94C5042569CD5B911 /* XCRemoteSwiftPackageReference "Ios-Bundle" */,
			);
			preferredProjectObjectVersion = 77;
			productRefGroup = A31433162EF0897D00EFE039 /* Products */;
			projectDirPath = "";
			projectRoot = "";
			targets = (
				A31433142EF0897D00EFE039 /* playground */,
				E51C57DF2EFD2FF4002A2D96 /* CaloriesCalculatorWidgetsExtension */,
			);
		};
/* End PBXProject section */

/* Begin PBXResourcesBuildPhase section */
		A31433132EF0897D00EFE039 /* Resources */ = {
			isa = PBXResourcesBuildPhase;
			buildActionMask = 2147483647;
			files = (
			);
			runOnlyForDeploymentPostprocessing = 0;
		};
		E51C57DE2EFD2FF4002A2D96 /* Resources */ = {
			isa = PBXResourcesBuildPhase;
			buildActionMask = 2147483647;
			files = (
			);
			runOnlyForDeploymentPostprocessing = 0;
		};
/* End PBXResourcesBuildPhase section */

/* Begin PBXSourcesBuildPhase section */
		A31433112EF0897D00EFE039 /* Sources */ = {
			isa = PBXSourcesBuildPhase;
			buildActionMask = 2147483647;
			files = (
			);
			runOnlyForDeploymentPostprocessing = 0;
		};
		E51C57DC2EFD2FF4002A2D96 /* Sources */ = {
			isa = PBXSourcesBuildPhase;
			buildActionMask = 2147483647;
			files = (
			);
			runOnlyForDeploymentPostprocessing = 0;
		};
/* End PBXSourcesBuildPhase section */

/* Begin PBXTargetDependency section */
		E51C57F32EFD2FF5002A2D96 /* PBXTargetDependency */ = {
			isa = PBXTargetDependency;
			target = E51C57DF2EFD2FF4002A2D96 /* CaloriesCalculatorWidgetsExtension */;
			targetProxy = E51C57F22EFD2FF5002A2D96 /* PBXContainerItemProxy */;
		};
/* End PBXTargetDependency section */

/* Begin XCBuildConfiguration section */
		A314331E2EF0897D00EFE039 /* Debug */ = {
			isa = XCBuildConfiguration;
			buildSettings = {
				ALWAYS_SEARCH_USER_PATHS = NO;
				ASSETCATALOG_COMPILER_GENERATE_SWIFT_ASSET_SYMBOL_EXTENSIONS = YES;
				CLANG_ANALYZER_NONNULL = YES;
				CLANG_ANALYZER_NUMBER_OBJECT_CONVERSION = YES_AGGRESSIVE;
				CLANG_CXX_LANGUAGE_STANDARD = "gnu++20";
				CLANG_ENABLE_MODULES = YES;
				CLANG_ENABLE_OBJC_ARC = YES;
				CLANG_ENABLE_OBJC_WEAK = YES;
				CLANG_WARN_BLOCK_CAPTURE_AUTORELEASING = YES;
				CLANG_WARN_BOOL_CONVERSION = YES;
				CLANG_WARN_COMMA = YES;
				CLANG_WARN_CONSTANT_CONVERSION = YES;
				CLANG_WARN_DEPRECATED_OBJC_IMPLEMENTATIONS = YES;
				CLANG_WARN_DIRECT_OBJC_ISA_USAGE = YES_ERROR;
				CLANG_WARN_DOCUMENTATION_COMMENTS = YES;
				CLANG_WARN_EMPTY_BODY = YES;
				CLANG_WARN_ENUM_CONVERSION = YES;
				CLANG_WARN_INFINITE_RECURSION = YES;
				CLANG_WARN_INT_CONVERSION = YES;
				CLANG_WARN_NON_LITERAL_NULL_CONVERSION = YES;
				CLANG_WARN_OBJC_IMPLICIT_RETAIN_SELF = YES;
				CLANG_WARN_OBJC_LITERAL_CONVERSION = YES;
				CLANG_WARN_OBJC_ROOT_CLASS = YES_ERROR;
				CLANG_WARN_QUOTED_INCLUDE_IN_FRAMEWORK_HEADER = YES;
				CLANG_WARN_RANGE_LOOP_ANALYSIS = YES;
				CLANG_WARN_STRICT_PROTOTYPES = YES;
				CLANG_WARN_SUSPICIOUS_MOVE = YES;
				CLANG_WARN_UNGUARDED_AVAILABILITY = YES_AGGRESSIVE;
				CLANG_WARN_UNREACHABLE_CODE = YES;
				CLANG_WARN__DUPLICATE_METHOD_MATCH = YES;
				COPY_PHASE_STRIP = NO;
				DEBUG_INFORMATION_FORMAT = dwarf;
				ENABLE_STRICT_OBJC_MSGSEND = YES;
				ENABLE_TESTABILITY = YES;
				ENABLE_USER_SCRIPT_SANDBOXING = YES;
				GCC_C_LANGUAGE_STANDARD = gnu17;
				GCC_DYNAMIC_NO_PIC = NO;
				GCC_NO_COMMON_BLOCKS = YES;
				GCC_OPTIMIZATION_LEVEL = 0;
				GCC_PREPROCESSOR_DEFINITIONS = (
					"DEBUG=1",
					"$(inherited)",
				);
				GCC_WARN_64_TO_32_BIT_CONVERSION = YES;
				GCC_WARN_ABOUT_RETURN_TYPE = YES_ERROR;
				GCC_WARN_UNDECLARED_SELECTOR = YES;
				GCC_WARN_UNINITIALIZED_AUTOS = YES_AGGRESSIVE;
				GCC_WARN_UNUSED_FUNCTION = YES;
				GCC_WARN_UNUSED_VARIABLE = YES;
				IPHONEOS_DEPLOYMENT_TARGET = 26.1;
				LOCALIZATION_PREFERS_STRING_CATALOGS = YES;
				MTL_ENABLE_DEBUG_INFO = INCLUDE_SOURCE;
				MTL_FAST_MATH = YES;
				ONLY_ACTIVE_ARCH = YES;
				SDKROOT = iphoneos;
				SWIFT_ACTIVE_COMPILATION_CONDITIONS = "DEBUG $(inherited)";
				SWIFT_EMIT_LOC_STRINGS = YES;
				SWIFT_OPTIMIZATION_LEVEL = "-Onone";
			};
			name = Debug;
		};
		A314331F2EF0897D00EFE039 /* Release */ = {
			isa = XCBuildConfiguration;
			buildSettings = {
				ALWAYS_SEARCH_USER_PATHS = NO;
				ASSETCATALOG_COMPILER_GENERATE_SWIFT_ASSET_SYMBOL_EXTENSIONS = YES;
				CLANG_ANALYZER_NONNULL = YES;
				CLANG_ANALYZER_NUMBER_OBJECT_CONVERSION = YES_AGGRESSIVE;
				CLANG_CXX_LANGUAGE_STANDARD = "gnu++20";
				CLANG_ENABLE_MODULES = YES;
				CLANG_ENABLE_OBJC_ARC = YES;
				CLANG_ENABLE_OBJC_WEAK = YES;
				CLANG_WARN_BLOCK_CAPTURE_AUTORELEASING = YES;
				CLANG_WARN_BOOL_CONVERSION = YES;
				CLANG_WARN_COMMA = YES;
				CLANG_WARN_CONSTANT_CONVERSION = YES;
				CLANG_WARN_DEPRECATED_OBJC_IMPLEMENTATIONS = YES;
				CLANG_WARN_DIRECT_OBJC_ISA_USAGE = YES_ERROR;
				CLANG_WARN_DOCUMENTATION_COMMENTS = YES;
				CLANG_WARN_EMPTY_BODY = YES;
				CLANG_WARN_ENUM_CONVERSION = YES;
				CLANG_WARN_INFINITE_RECURSION = YES;
				CLANG_WARN_INT_CONVERSION = YES;
				CLANG_WARN_NON_LITERAL_NULL_CONVERSION = YES;
				CLANG_WARN_OBJC_IMPLICIT_RETAIN_SELF = YES;
				CLANG_WARN_OBJC_LITERAL_CONVERSION = YES;
				CLANG_WARN_OBJC_ROOT_CLASS = YES_ERROR;
				CLANG_WARN_QUOTED_INCLUDE_IN_FRAMEWORK_HEADER = YES;
				CLANG_WARN_RANGE_LOOP_ANALYSIS = YES;
				CLANG_WARN_STRICT_PROTOTYPES = YES;
				CLANG_WARN_SUSPICIOUS_MOVE = YES;
				CLANG_WARN_UNGUARDED_AVAILABILITY = YES_AGGRESSIVE;
				CLANG_WARN_UNREACHABLE_CODE = YES;
				CLANG_WARN__DUPLICATE_METHOD_MATCH = YES;
				COPY_PHASE_STRIP = NO;
				DEBUG_INFORMATION_FORMAT = "dwarf-with-dsym";
				ENABLE_NS_ASSERTIONS = NO;
				ENABLE_STRICT_OBJC_MSGSEND = YES;
				ENABLE_USER_SCRIPT_SANDBOXING = YES;
				GCC_C_LANGUAGE_STANDARD = gnu17;
				GCC_NO_COMMON_BLOCKS = YES;
				GCC_WARN_64_TO_32_BIT_CONVERSION = YES;
				GCC_WARN_ABOUT_RETURN_TYPE = YES_ERROR;
				GCC_WARN_UNDECLARED_SELECTOR = YES;
				GCC_WARN_UNINITIALIZED_AUTOS = YES_AGGRESSIVE;
				GCC_WARN_UNUSED_FUNCTION = YES;
				GCC_WARN_UNUSED_VARIABLE = YES;
				IPHONEOS_DEPLOYMENT_TARGET = 26.1;
				LOCALIZATION_PREFERS_STRING_CATALOGS = YES;
				MTL_ENABLE_DEBUG_INFO = NO;
				MTL_FAST_MATH = YES;
				SDKROOT = iphoneos;
				SWIFT_COMPILATION_MODE = wholemodule;
				SWIFT_EMIT_LOC_STRINGS = YES;
				VALIDATE_PRODUCT = YES;
			};
			name = Release;
		};
		A31433212EF0897D00EFE039 /* Debug */ = {
			isa = XCBuildConfiguration;
			buildSettings = {
				ASSETCATALOG_COMPILER_APPICON_NAME = AppIcon;
				ASSETCATALOG_COMPILER_GLOBAL_ACCENT_COLOR_NAME = AccentColor;
				CODE_SIGN_ENTITLEMENTS = playground/playground.entitlements;
				CODE_SIGN_STYLE = Automatic;
				CURRENT_PROJECT_VERSION = 1;
				DEVELOPMENT_TEAM = F6KF69XTT8;
				ENABLE_PREVIEWS = YES;
				GENERATE_INFOPLIST_FILE = YES;
				INFOPLIST_KEY_NSCameraUsageDescription = "This app needs camera access to take photos of your meals for calorie tracking.";
				INFOPLIST_KEY_NSHealthShareUsageDescription = "CalCalculator needs access to read your health data to display activity metrics and weight history.";
				INFOPLIST_KEY_NSHealthUpdateUsageDescription = "CalCalculator needs access to save your weight measurements to Apple Health.";
				INFOPLIST_KEY_LSApplicationQueriesSchemes = (
					"x-apple-health",
				);
				INFOPLIST_KEY_NSPhotoLibraryUsageDescription = "This app needs photo library access to select photos of your meals for calorie tracking.";
				INFOPLIST_KEY_NSUserTrackingUsageDescription = "This app uses tracking to provide personalized content and improve your experience. Your data is used only for app functionality and analytics.";
				INFOPLIST_KEY_NSSupportsLiveActivities = YES;
				INFOPLIST_KEY_UIApplicationSceneManifest_Generation = YES;
				INFOPLIST_KEY_UIApplicationSupportsIndirectInputEvents = YES;
				INFOPLIST_KEY_UILaunchScreen_Generation = YES;
				INFOPLIST_KEY_UISupportedInterfaceOrientations_iPad = "UIInterfaceOrientationPortrait UIInterfaceOrientationPortraitUpsideDown UIInterfaceOrientationLandscapeLeft UIInterfaceOrientationLandscapeRight";
				INFOPLIST_KEY_UISupportedInterfaceOrientations_iPhone = "UIInterfaceOrientationPortrait UIInterfaceOrientationLandscapeLeft UIInterfaceOrientationLandscapeRight";
				IPHONEOS_DEPLOYMENT_TARGET = 17;
				LD_RUNPATH_SEARCH_PATHS = (
					"$(inherited)",
					"@executable_path/Frameworks",
				);
				MARKETING_VERSION = 1.0;
				PRODUCT_BUNDLE_IDENTIFIER = com.CalCalculator.dev;
				PRODUCT_NAME = "$(TARGET_NAME)";
				SKIP_INSTALL_APP_INTENTS_METADATA = YES;
				STRING_CATALOG_GENERATE_SYMBOLS = YES;
				SWIFT_APPROACHABLE_CONCURRENCY = YES;
				SWIFT_DEFAULT_ACTOR_ISOLATION = MainActor;
				SWIFT_EMIT_LOC_STRINGS = YES;
				SWIFT_UPCOMING_FEATURE_MEMBER_IMPORT_VISIBILITY = YES;
				SWIFT_VERSION = 5.0;
				TARGETED_DEVICE_FAMILY = "1,2";
			};
			name = Debug;
		};
		A31433222EF0897D00EFE039 /* Release */ = {
			isa = XCBuildConfiguration;
			buildSettings = {
				ASSETCATALOG_COMPILER_APPICON_NAME = AppIcon;
				ASSETCATALOG_COMPILER_GLOBAL_ACCENT_COLOR_NAME = AccentColor;
				CODE_SIGN_ENTITLEMENTS = playground/playground.entitlements;
				CODE_SIGN_STYLE = Automatic;
				CURRENT_PROJECT_VERSION = 1;
				DEVELOPMENT_TEAM = F6KF69XTT8;
				ENABLE_PREVIEWS = YES;
				GENERATE_INFOPLIST_FILE = YES;
				INFOPLIST_KEY_NSCameraUsageDescription = "This app needs camera access to take photos of your meals for calorie tracking.";
				INFOPLIST_KEY_NSHealthShareUsageDescription = "CalCalculator needs access to read your health data to display activity metrics and weight history.";
				INFOPLIST_KEY_NSHealthUpdateUsageDescription = "CalCalculator needs access to save your weight measurements to Apple Health.";
				INFOPLIST_KEY_LSApplicationQueriesSchemes = (
					"x-apple-health",
				);
				INFOPLIST_KEY_NSPhotoLibraryUsageDescription = "This app needs photo library access to select photos of your meals for calorie tracking.";
				INFOPLIST_KEY_NSUserTrackingUsageDescription = "This app uses tracking to provide personalized content and improve your experience. Your data is used only for app functionality and analytics.";
				INFOPLIST_KEY_NSSupportsLiveActivities = YES;
				INFOPLIST_KEY_UIApplicationSceneManifest_Generation = YES;
				INFOPLIST_KEY_UIApplicationSupportsIndirectInputEvents = YES;
				INFOPLIST_KEY_UILaunchScreen_Generation = YES;
				INFOPLIST_KEY_UISupportedInterfaceOrientations_iPad = "UIInterfaceOrientationPortrait UIInterfaceOrientationPortraitUpsideDown UIInterfaceOrientationLandscapeLeft UIInterfaceOrientationLandscapeRight";
				INFOPLIST_KEY_UISupportedInterfaceOrientations_iPhone = "UIInterfaceOrientationPortrait UIInterfaceOrientationLandscapeLeft UIInterfaceOrientationLandscapeRight";
				IPHONEOS_DEPLOYMENT_TARGET = 17;
				LD_RUNPATH_SEARCH_PATHS = (
					"$(inherited)",
					"@executable_path/Frameworks",
				);
				MARKETING_VERSION = 1.0;
				PRODUCT_BUNDLE_IDENTIFIER = com.CalCalculator.dev;
				PRODUCT_NAME = "$(TARGET_NAME)";
				SKIP_INSTALL_APP_INTENTS_METADATA = YES;
				STRING_CATALOG_GENERATE_SYMBOLS = YES;
				SWIFT_APPROACHABLE_CONCURRENCY = YES;
				SWIFT_DEFAULT_ACTOR_ISOLATION = MainActor;
				SWIFT_EMIT_LOC_STRINGS = YES;
				SWIFT_UPCOMING_FEATURE_MEMBER_IMPACT_VISIBILITY = YES;
				SWIFT_VERSION = 5.0;
				TARGETED_DEVICE_FAMILY = "1,2";
			};
			name = Release;
		};
		E51C57F62EFD2FF5002A2D96 /* Debug */ = {
			isa = XCBuildConfiguration;
			buildSettings = {
				ASSETCATALOG_COMPILER_GLOBAL_ACCENT_COLOR_NAME = AccentColor;
				ASSETCATALOG_COMPILER_WIDGET_BACKGROUND_COLOR_NAME = WidgetBackground;
				CODE_SIGN_ENTITLEMENTS = CaloriesCalculatorWidgets/CaloriesCalculatorWidgets.entitlements;
				CODE_SIGN_STYLE = Automatic;
				CURRENT_PROJECT_VERSION = 1;
				DEVELOPMENT_TEAM = F6KF69XTT8;
				GENERATE_INFOPLIST_FILE = YES;
				INFOPLIST_FILE = CaloriesCalculatorWidgets/Info.plist;
				INFOPLIST_KEY_CFBundleDisplayName = CaloriesCalculatorWidgets;
				INFOPLIST_KEY_NSHumanReadableCopyright = "";
				IPHONEOS_DEPLOYMENT_TARGET = 17.0;
				LD_RUNPATH_SEARCH_PATHS = (
					"$(inherited)",
					"@executable_path/Frameworks",
					"@executable_path/../../Frameworks",
				);
				MARKETING_VERSION = 1.0;
				PRODUCT_BUNDLE_IDENTIFIER = CalCalculatorAiPlaygournd.widget;
				PRODUCT_NAME = "$(TARGET_NAME)";
				SKIP_INSTALL = YES;
				STRING_CATALOG_GENERATE_SYMBOLS = YES;
				SWIFT_APPROACHABLE_CONCURRENCY = YES;
				SWIFT_EMIT_LOC_STRINGS = YES;
				SWIFT_UPCOMING_FEATURE_MEMBER_IMPORT_VISIBILITY = YES;
				SWIFT_VERSION = 5.0;
				TARGETED_DEVICE_FAMILY = "1,2";
			};
			name = Debug;
		};
		E51C57F72EFD2FF5002A2D96 /* Release */ = {
			isa = XCBuildConfiguration;
			buildSettings = {
				ASSETCATALOG_COMPILER_GLOBAL_ACCENT_COLOR_NAME = AccentColor;
				ASSETCATALOG_COMPILER_WIDGET_BACKGROUND_COLOR_NAME = WidgetBackground;
				CODE_SIGN_ENTITLEMENTS = CaloriesCalculatorWidgets/CaloriesCalculatorWidgets.entitlements;
				CODE_SIGN_STYLE = Automatic;
				CURRENT_PROJECT_VERSION = 1;
				DEVELOPMENT_TEAM = F6KF69XTT8;
				GENERATE_INFOPLIST_FILE = YES;
				INFOPLIST_FILE = CaloriesCalculatorWidgets/Info.plist;
				INFOPLIST_KEY_CFBundleDisplayName = CaloriesCalculatorWidgets;
				INFOPLIST_KEY_NSHumanReadableCopyright = "";
				IPHONEOS_DEPLOYMENT_TARGET = 17.0;
				LD_RUNPATH_SEARCH_PATHS = (
					"$(inherited)",
					"@executable_path/Frameworks",
					"@executable_path/../../Frameworks",
				);
				MARKETING_VERSION = 1.0;
				PRODUCT_BUNDLE_IDENTIFIER = CalCalculatorAiPlaygournd.widget;
				PRODUCT_NAME = "$(TARGET_NAME)";
				SKIP_INSTALL = YES;
				STRING_CATALOG_GENERATE_SYMBOLS = YES;
				SWIFT_APPROACHABLE_CONCURRENCY = YES;
				SWIFT_EMIT_LOC_STRINGS = YES;
				SWIFT_UPCOMING_FEATURE_MEMBER_IMPORT_VISIBILITY = YES;
				SWIFT_VERSION = 5.0;
				TARGETED_DEVICE_FAMILY = "1,2";
			};
			name = Release;
		};
/* End XCBuildConfiguration section */

/* Begin XCConfigurationList section */
		A31433102EF0897D00EFE039 /* Build configuration list for PBXProject "playground" */ = {
			isa = XCConfigurationList;
			buildConfigurations = (
				A314331E2EF0897D00EFE039 /* Debug */,
				A314331F2EF0897D00EFE039 /* Release */,
			);
			defaultConfigurationIsVisible = 0;
			defaultConfigurationName = Release;
		};
		A31433202EF0897D00EFE039 /* Build configuration list for PBXNativeTarget "playground" */ = {
			isa = XCConfigurationList;
			buildConfigurations = (
				A31433212EF0897D00EFE039 /* Debug */,
				A31433222EF0897D00EFE039 /* Release */,
			);
			defaultConfigurationIsVisible = 0;
			defaultConfigurationName = Release;
		};
		E51C57F92EFD2FF5002A2D96 /* Build configuration list for PBXNativeTarget "CaloriesCalculatorWidgetsExtension" */ = {
			isa = XCConfigurationList;
			buildConfigurations = (
				E51C57F62EFD2FF5002A2D96 /* Debug */,
				E51C57F72EFD2FF5002A2D96 /* Release */,
			);
			defaultConfigurationIsVisible = 0;
			defaultConfigurationName = Release;
		};
/* End XCConfigurationList section */

/* Begin XCRemoteSwiftPackageReference section */
		6AB94DA94C5042569CD5B911 /* XCRemoteSwiftPackageReference "Ios-Bundle" */ = {
			isa = XCRemoteSwiftPackageReference;
			repositoryURL = "https://git-codecommit.us-east-1.amazonaws.com/v1/repos/Ios-Bundle";
			requirement = {
				branch = master;
				kind = branch;
			};
		};
/* End XCRemoteSwiftPackageReference section */

/* Begin XCSwiftPackageProductDependency section */
		FF5B2D1B53224F94AE3D23B7 /* MavenCommonSwiftUI */ = {
			isa = XCSwiftPackageProductDependency;
			package = 6AB94DA94C5042569CD5B911 /* XCRemoteSwiftPackageReference "Ios-Bundle" */;
			productName = MavenCommonSwiftUI;
		};
/* End XCSwiftPackageProductDependency section */
	};
	rootObject = A314330D2EF0897D00EFE039 /* Project object */;
}
